
Microsoft Visual Studio Solution File, Format Version 12.00
# Visual Studio Version 17
VisualStudioVersion = 17.5.33414.496
MinimumVisualStudioVersion = 10.0.40219.1
Project("{FAE04EC0-301F-11D3-BF4B-00C04F79EFBC}") = "Project", "Project\Project.csproj", "{5F4C2574-C557-450B-A0D9-F44AA95E504D}"
EndProject
Global
	GlobalSection(SolutionConfigurationPlatforms) = preSolution
		Debug|Any CPU = Debug|Any CPU
		Release|Any CPU = Release|Any CPU
	EndGlobalSection
	GlobalSection(ProjectConfigurationPlatforms) = postSolution
		{5F4C2574-C557-450B-A0D9-F44AA95E504D}.Debug|Any CPU.ActiveCfg = Debug|Any CPU
		{5F4C2574-C557-450B-A0D9-F44AA95E504D}.Debug|Any CPU.Build.0 = Debug|Any CPU
		{5F4C2574-C557-450B-A0D9-F44AA95E504D}.Release|Any CPU.ActiveCfg = Release|Any CPU
		{5F4C2574-C557-450B-A0D9-F44AA95E504D}.Release|Any CPU.Build.0 = Release|Any CPU
	EndGlobalSection
	GlobalSection(SolutionProperties) = preSolution
		HideSolutionNode = FALSE
	EndGlobalSection
	GlobalSection(ExtensibilityGlobals) = postSolution
		SolutionGuid = {BBCEE7B2-61CD-4BA0-9861-69A5D74A8DA5}
	EndGlobalSection
EndGlobal
